{
  "nodes": {
    "godot": {
      "flake": false,
      "locked": {
        "lastModified": 1658953177,
        "narHash": "sha256-JKBqgXNMkGKngnUxUqyW8hmLMwjh1kBNFSGd4HvdDjI=",
        "owner": "godotengine",
        "repo": "godot",
        "rev": "0dcf679bdc9bde359d8fd5e486eeefc56f754ec8",
        "type": "github"
      },
      "original": {
        "owner": "godotengine",
        "repo": "godot",
        "type": "github"
      }
    },
    "nixpkgs": {
      "locked": {
        "lastModified": 1658644204,
        "narHash": "sha256-MWyfCH9K3eVTXJUxBi67OQSAh9jJAnvWklM6qm4j8w8=",
        "owner": "NixOS",
        "repo": "nixpkgs",
        "rev": "2f0c3be57c348f4cfd8820f2d189e29a685d9c41",
        "type": "github"
      },
      "original": {
        "id": "nixpkgs",
        "type": "indirect"
      }
    },
    "root": {
      "inputs": {
        "godot": "godot",
        "nixpkgs": "nixpkgs"
      }
    }
  },
  "root": "root",
  "version": 7
}
