{
  "nodes": {
    "godot": {
      "flake": false,
      "locked": {
        "lastModified": 1698848026,
        "narHash": "sha256-lmJ7FzA9MfSDYLHh6Zy8hv8uVNXXa51QzZqMHYoXZtI=",
        "owner": "godotengine",
        "repo": "godot",
        "rev": "e07b3ee253a85d338d60a68a10209ac72cad8ba0",
        "type": "github"
      },
      "original": {
        "owner": "godotengine",
        "repo": "godot",
        "type": "github"
      }
    },
    "godot-cpp": {
      "flake": false,
      "locked": {
        "lastModified": 1698264802,
        "narHash": "sha256-x6qLEhL0+yOeZObFI6USCj/EaHi6BjohpONDeseW+nU=",
        "owner": "godotengine",
        "repo": "godot-cpp",
        "rev": "c1196a1ab0a1ca166d0e5e2f08f9fe4156118c5e",
        "type": "github"
      },
      "original": {
        "owner": "godotengine",
        "repo": "godot-cpp",
        "type": "github"
      }
    },
    "godot-flake": {
      "inputs": {
        "godot": "godot",
        "godot-cpp": "godot-cpp",
        "nixpkgs": "nixpkgs"
      },
      "locked": {
        "lastModified": 1698877021,
        "narHash": "sha256-fc2iOVFCTOBTZJyLPSPbkdVyliJNKtI4cuEtmErY4Uo=",
        "owner": "MadMcCrow",
        "repo": "godot-flake",
        "rev": "b946f892f0c8d097c98df75faf38f1abdb3aa9fc",
        "type": "github"
      },
      "original": {
        "owner": "MadMcCrow",
        "repo": "godot-flake",
        "type": "github"
      }
    },
    "nixpkgs": {
      "locked": {
        "lastModified": 1698611440,
        "narHash": "sha256-jPjHjrerhYDy3q9+s5EAsuhyhuknNfowY6yt6pjn9pc=",
        "owner": "nixos",
        "repo": "nixpkgs",
        "rev": "0cbe9f69c234a7700596e943bfae7ef27a31b735",
        "type": "github"
      },
      "original": {
        "owner": "nixos",
        "ref": "nixos-unstable",
        "repo": "nixpkgs",
        "type": "github"
      }
    },
    "nixpkgs_2": {
      "locked": {
        "lastModified": 1698611440,
        "narHash": "sha256-jPjHjrerhYDy3q9+s5EAsuhyhuknNfowY6yt6pjn9pc=",
        "path": "/nix/store/z6w242l49pbrdawkz5vdhfxh2mvsj36c-source",
        "rev": "0cbe9f69c234a7700596e943bfae7ef27a31b735",
        "type": "path"
      },
      "original": {
        "id": "nixpkgs",
        "type": "indirect"
      }
    },
    "root": {
      "inputs": {
        "godot-flake": "godot-flake",
        "nixpkgs": "nixpkgs_2"
      }
    }
  },
  "root": "root",
  "version": 7
}
