{
  "nodes": {
    "godot": {
      "flake": false,
      "locked": {
        "lastModified": 1695834644,
        "narHash": "sha256-W7UsSPSOSbRQcBHnh0J+5hQlCWb1SsuH03g2t6CLMf4=",
        "owner": "godotengine",
        "repo": "godot",
        "rev": "4c3dc26367518e006f8555c12f5d2df0b8a28192",
        "type": "github"
      },
      "original": {
        "owner": "godotengine",
        "repo": "godot",
        "type": "github"
      }
    },
    "godot-cpp": {
      "flake": false,
      "locked": {
        "lastModified": 1695735492,
        "narHash": "sha256-AsN1iIczIJ87vO1rnBu8/olcncw+Hi/cKvsVlV6HbCM=",
        "owner": "godotengine",
        "repo": "godot-cpp",
        "rev": "bf2f9e2f554bd22d127c744ca3d1a077b7bb5a63",
        "type": "github"
      },
      "original": {
        "owner": "godotengine",
        "repo": "godot-cpp",
        "type": "github"
      }
    },
    "godot-flake": {
      "inputs": {
        "godot": "godot",
        "godot-cpp": "godot-cpp",
        "nixpkgs": "nixpkgs"
      },
      "locked": {
        "lastModified": 1696424214,
        "narHash": "sha256-iI+vMexGN+NDVt/fefkUMnSiSP+stRy4RVHXM7dhk/4=",
        "owner": "MadMcCrow",
        "repo": "godot-flake",
        "rev": "779177eece7c6ef6337ce4a2f1d55e8729a5a62f",
        "type": "github"
      },
      "original": {
        "owner": "MadMcCrow",
        "repo": "godot-flake",
        "type": "github"
      }
    },
    "nixpkgs": {
      "locked": {
        "lastModified": 1695644571,
        "narHash": "sha256-asS9dCCdlt1lPq0DLwkVBbVoEKuEuz+Zi3DG7pR/RxA=",
        "owner": "nixos",
        "repo": "nixpkgs",
        "rev": "6500b4580c2a1f3d0f980d32d285739d8e156d92",
        "type": "github"
      },
      "original": {
        "owner": "nixos",
        "ref": "nixos-unstable",
        "repo": "nixpkgs",
        "type": "github"
      }
    },
    "nixpkgs_2": {
      "locked": {
        "lastModified": 1696019113,
        "narHash": "sha256-X3+DKYWJm93DRSdC5M6K5hLqzSya9BjibtBsuARoPco=",
        "path": "/nix/store/r88zkfh22shcgj0c4zh9jj2q5r1z9wjn-source",
        "rev": "f5892ddac112a1e9b3612c39af1b72987ee5783a",
        "type": "path"
      },
      "original": {
        "id": "nixpkgs",
        "type": "indirect"
      }
    },
    "root": {
      "inputs": {
        "godot-flake": "godot-flake",
        "nixpkgs": "nixpkgs_2"
      }
    }
  },
  "root": "root",
  "version": 7
}
